Microsoft Visual Studio Solution File, Format Version 12.00
# Visual Studio 2012
Project("{FAE04EC0-301F-11D3-BF4B-00C04F79EFBC}") = "Battle Tanks", "Battle Tanks.csproj", "{841D06B9-EFC7-4687-B2F2-C60465982950}"
EndProject
Global
	GlobalSection(SolutionConfigurationPlatforms) = preSolution
	Debug|Any CPU = Debug|Any CPU
	ExportDebug|Any CPU = ExportDebug|Any CPU
	ExportRelease|Any CPU = ExportRelease|Any CPU
	EndGlobalSection
	GlobalSection(ProjectConfigurationPlatforms) = postSolution
		{841D06B9-EFC7-4687-B2F2-C60465982950}.Debug|Any CPU.ActiveCfg = Debug|Any CPU
		{841D06B9-EFC7-4687-B2F2-C60465982950}.Debug|Any CPU.Build.0 = Debug|Any CPU
		{841D06B9-EFC7-4687-B2F2-C60465982950}.ExportDebug|Any CPU.ActiveCfg = ExportDebug|Any CPU
		{841D06B9-EFC7-4687-B2F2-C60465982950}.ExportDebug|Any CPU.Build.0 = ExportDebug|Any CPU
		{841D06B9-EFC7-4687-B2F2-C60465982950}.ExportRelease|Any CPU.ActiveCfg = ExportRelease|Any CPU
		{841D06B9-EFC7-4687-B2F2-C60465982950}.ExportRelease|Any CPU.Build.0 = ExportRelease|Any CPU
	EndGlobalSection
EndGlobal
